Microsoft Visual Studio Solution File, Format Version 12.00
# Visual Studio Version 17
VisualStudioVersion = 17.5.2.0
MinimumVisualStudioVersion = 10.0.40219.1
Project("{FAE04EC0-301F-11D3-BF4B-00C04F79EFBC}") = "Primeiros-Passos", "Primeiros-Passos\Primeiros-Passos.csproj", "{5161615B-DF75-2FFE-2E03-68EE29BA5C14}"
EndProject
Global
	GlobalSection(SolutionConfigurationPlatforms) = preSolution
		Debug|Any CPU = Debug|Any CPU
		Release|Any CPU = Release|Any CPU
	EndGlobalSection
	GlobalSection(ProjectConfigurationPlatforms) = postSolution
		{5161615B-DF75-2FFE-2E03-68EE29BA5C14}.Debug|Any CPU.ActiveCfg = Debug|Any CPU
		{5161615B-DF75-2FFE-2E03-68EE29BA5C14}.Debug|Any CPU.Build.0 = Debug|Any CPU
		{5161615B-DF75-2FFE-2E03-68EE29BA5C14}.Release|Any CPU.ActiveCfg = Release|Any CPU
		{5161615B-DF75-2FFE-2E03-68EE29BA5C14}.Release|Any CPU.Build.0 = Release|Any CPU
	EndGlobalSection
	GlobalSection(SolutionProperties) = preSolution
		HideSolutionNode = FALSE
	EndGlobalSection
	GlobalSection(ExtensibilityGlobals) = postSolution
		SolutionGuid = {7BE193A2-C639-4320-97DD-7004A905CF67}
	EndGlobalSection
EndGlobal
